
Microsoft Visual Studio Solution File, Format Version 12.00
# Visual Studio Version 17
VisualStudioVersion = 17.6.34202.202
MinimumVisualStudioVersion = 10.0.40219.1
Project("{FAE04EC0-301F-11D3-BF4B-00C04F79EFBC}") = "CustomerAPI", "CustomerAPI\CustomerAPI.csproj", "{FEDF2CC2-4752-4C3F-9E72-308265D87478}"
EndProject
Global
	GlobalSection(SolutionConfigurationPlatforms) = preSolution
		Debug|Any CPU = Debug|Any CPU
		Release|Any CPU = Release|Any CPU
	EndGlobalSection
	GlobalSection(ProjectConfigurationPlatforms) = postSolution
		{FEDF2CC2-4752-4C3F-9E72-308265D87478}.Debug|Any CPU.ActiveCfg = Debug|Any CPU
		{FEDF2CC2-4752-4C3F-9E72-308265D87478}.Debug|Any CPU.Build.0 = Debug|Any CPU
		{FEDF2CC2-4752-4C3F-9E72-308265D87478}.Release|Any CPU.ActiveCfg = Release|Any CPU
		{FEDF2CC2-4752-4C3F-9E72-308265D87478}.Release|Any CPU.Build.0 = Release|Any CPU
	EndGlobalSection
	GlobalSection(SolutionProperties) = preSolution
		HideSolutionNode = FALSE
	EndGlobalSection
	GlobalSection(ExtensibilityGlobals) = postSolution
		SolutionGuid = {F405D871-7CF3-48A3-B683-A1C053F622F0}
	EndGlobalSection
EndGlobal
